{
  "name": "i-zhoushan-mp",
  "version": "1.0.0",
  "lockfileVersion": 2,
  "requires": true,
  "packages": {
    "": {
      "name": "i-zhoushan-mp",
      "version": "1.0.0",
      "license": "MIT",
      "dependencies": {
        "dayjs": "^1.11.5",
        "tdesign-miniprogram": "0.24.0",
        "wx-axios-promise": "^2.4.1"
      },
      "devDependencies": {
        "miniprogram-api-typings": "^3.6.0",
        "watch-cli": "^0.2.3",
        "windicss": "^3.5.6"
      }
    },
    "node_modules/ansi-styles": {
      "version": "1.0.0",
      "dev": true,
      "license": "MIT",
      "engines": {
        "node": ">=0.8.0"
      }
    },
    "node_modules/chalk": {
      "version": "0.4.0",
      "dev": true,
      "license": "MIT",
      "dependencies": {
        "ansi-styles": "~1.0.0",
        "has-color": "~0.1.0",
        "strip-ansi": "~0.1.0"
      },
      "engines": {
        "node": ">=0.8.0"
      }
    },
    "node_modules/dayjs": {
      "version": "1.11.5",
      "license": "MIT"
    },
    "node_modules/gaze": {
      "version": "0.5.2",
      "dev": true,
      "dependencies": {
        "globule": "~0.1.0"
      },
      "engines": {
        "node": ">= 0.8.0"
      }
    },
    "node_modules/glob": {
      "version": "3.1.21",
      "dev": true,
      "license": "BSD",
      "dependencies": {
        "graceful-fs": "~1.2.0",
        "inherits": "1",
        "minimatch": "~0.2.11"
      },
      "engines": {
        "node": "*"
      }
    },
    "node_modules/globule": {
      "version": "0.1.0",
      "dev": true,
      "dependencies": {
        "glob": "~3.1.21",
        "lodash": "~1.0.1",
        "minimatch": "~0.2.11"
      },
      "engines": {
        "node": ">= 0.8.0"
      }
    },
    "node_modules/globule/node_modules/lodash": {
      "version": "1.0.2",
      "dev": true,
      "engines": [
        "node",
        "rhino"
      ],
      "license": "MIT"
    },
    "node_modules/graceful-fs": {
      "version": "1.2.3",
      "dev": true,
      "license": "BSD",
      "engines": {
        "node": ">=0.4.0"
      }
    },
    "node_modules/has-color": {
      "version": "0.1.7",
      "dev": true,
      "license": "MIT",
      "engines": {
        "node": ">=0.10.0"
      }
    },
    "node_modules/has-flag": {
      "version": "2.0.0",
      "dev": true,
      "license": "MIT",
      "engines": {
        "node": ">=0.10.0"
      }
    },
    "node_modules/inherits": {
      "version": "1.0.2",
      "dev": true
    },
    "node_modules/lodash": {
      "version": "3.10.1",
      "dev": true,
      "license": "MIT"
    },
    "node_modules/lru-cache": {
      "version": "2.7.3",
      "dev": true,
      "license": "ISC"
    },
    "node_modules/minimatch": {
      "version": "0.2.14",
      "dev": true,
      "license": "MIT",
      "dependencies": {
        "lru-cache": "2",
        "sigmund": "~1.0.0"
      },
      "engines": {
        "node": "*"
      }
    },
    "node_modules/minimist": {
      "version": "1.2.6",
      "dev": true,
      "license": "MIT"
    },
    "node_modules/miniprogram-api-typings": {
      "version": "3.6.0",
      "dev": true,
      "license": "MIT"
    },
    "node_modules/sigmund": {
      "version": "1.0.1",
      "dev": true,
      "license": "ISC"
    },
    "node_modules/strip-ansi": {
      "version": "0.1.1",
      "dev": true,
      "license": "MIT",
      "bin": {
        "strip-ansi": "cli.js"
      },
      "engines": {
        "node": ">=0.8.0"
      }
    },
    "node_modules/supports-color": {
      "version": "4.5.0",
      "dev": true,
      "license": "MIT",
      "dependencies": {
        "has-flag": "^2.0.0"
      },
      "engines": {
        "node": ">=4"
      }
    },
    "node_modules/tdesign-miniprogram": {
      "version": "0.24.0",
      "resolved": "https://mirrors.cloud.tencent.com/npm/tdesign-miniprogram/-/tdesign-miniprogram-0.24.0.tgz",
      "integrity": "sha512-nPz3JXcHNP5e6fFt2tGULZAIbphV5M5hCDjVlzw9Xdwf+rVJt+6ZN/wAAMIlSgJRbDkM7dQHYVrcQ5nRYshsqw==",
      "license": "MIT",
      "dependencies": {
        "dayjs": "^1.10.7"
      }
    },
    "node_modules/verbalize": {
      "version": "0.1.2",
      "dev": true,
      "dependencies": {
        "chalk": "~0.4.0"
      },
      "engines": {
        "node": ">=0.10.0",
        "npm": ">=1.2.10"
      }
    },
    "node_modules/watch-cli": {
      "version": "0.2.3",
      "dev": true,
      "license": "MIT",
      "dependencies": {
        "gaze": "^0.5.1",
        "lodash": "^3.5.0",
        "minimist": "^1.1.1",
        "supports-color": "^4.0.0",
        "verbalize": "^0.1.2"
      },
      "bin": {
        "watch": "bin/watch"
      },
      "engines": {
        "node": ">=0.8"
      }
    },
    "node_modules/windicss": {
      "version": "3.5.6",
      "dev": true,
      "license": "MIT",
      "bin": {
        "windicss": "cli/index.js"
      },
      "engines": {
        "node": ">= 12"
      }
    },
    "node_modules/wx-axios-promise": {
      "version": "2.4.1",
      "license": "ISC"
    }
  },
  "dependencies": {
    "ansi-styles": {
      "version": "1.0.0",
      "dev": true
    },
    "chalk": {
      "version": "0.4.0",
      "dev": true,
      "requires": {
        "ansi-styles": "~1.0.0",
        "has-color": "~0.1.0",
        "strip-ansi": "~0.1.0"
      }
    },
    "dayjs": {
      "version": "1.11.5"
    },
    "gaze": {
      "version": "0.5.2",
      "dev": true,
      "requires": {
        "globule": "~0.1.0"
      }
    },
    "glob": {
      "version": "3.1.21",
      "dev": true,
      "requires": {
        "graceful-fs": "~1.2.0",
        "inherits": "1",
        "minimatch": "~0.2.11"
      }
    },
    "globule": {
      "version": "0.1.0",
      "dev": true,
      "requires": {
        "glob": "~3.1.21",
        "lodash": "~1.0.1",
        "minimatch": "~0.2.11"
      },
      "dependencies": {
        "lodash": {
          "version": "1.0.2",
          "dev": true
        }
      }
    },
    "graceful-fs": {
      "version": "1.2.3",
      "dev": true
    },
    "has-color": {
      "version": "0.1.7",
      "dev": true
    },
    "has-flag": {
      "version": "2.0.0",
      "dev": true
    },
    "inherits": {
      "version": "1.0.2",
      "dev": true
    },
    "lodash": {
      "version": "3.10.1",
      "dev": true
    },
    "lru-cache": {
      "version": "2.7.3",
      "dev": true
    },
    "minimatch": {
      "version": "0.2.14",
      "dev": true,
      "requires": {
        "lru-cache": "2",
        "sigmund": "~1.0.0"
      }
    },
    "minimist": {
      "version": "1.2.6",
      "dev": true
    },
    "miniprogram-api-typings": {
      "version": "3.6.0",
      "dev": true
    },
    "sigmund": {
      "version": "1.0.1",
      "dev": true
    },
    "strip-ansi": {
      "version": "0.1.1",
      "dev": true
    },
    "supports-color": {
      "version": "4.5.0",
      "dev": true,
      "requires": {
        "has-flag": "^2.0.0"
      }
    },
    "tdesign-miniprogram": {
      "version": "0.24.0",
      "resolved": "https://mirrors.cloud.tencent.com/npm/tdesign-miniprogram/-/tdesign-miniprogram-0.24.0.tgz",
      "integrity": "sha512-nPz3JXcHNP5e6fFt2tGULZAIbphV5M5hCDjVlzw9Xdwf+rVJt+6ZN/wAAMIlSgJRbDkM7dQHYVrcQ5nRYshsqw==",
      "requires": {
        "dayjs": "^1.10.7"
      }
    },
    "verbalize": {
      "version": "0.1.2",
      "dev": true,
      "requires": {
        "chalk": "~0.4.0"
      }
    },
    "watch-cli": {
      "version": "0.2.3",
      "dev": true,
      "requires": {
        "gaze": "^0.5.1",
        "lodash": "^3.5.0",
        "minimist": "^1.1.1",
        "supports-color": "^4.0.0",
        "verbalize": "^0.1.2"
      }
    },
    "windicss": {
      "version": "3.5.6",
      "dev": true
    },
    "wx-axios-promise": {
      "version": "2.4.1"
    }
  }
}
